
Microsoft Visual Studio Solution File, Format Version 12.00
# Visual Studio 15
VisualStudioVersion = 15.0.28307.1800
MinimumVisualStudioVersion = 10.0.40219.1
Project("{9A19103F-16F7-4668-BE54-9A1E7A4F7556}") = "wfMod", "wfMod.csproj", "{62326828-CFF5-4F20-A76E-EB0BA26DF3F4}"
EndProject
Global
	GlobalSection(SolutionConfigurationPlatforms) = preSolution
		Debug|Any CPU = Debug|Any CPU
		Release|Any CPU = Release|Any CPU
	EndGlobalSection
	GlobalSection(ProjectConfigurationPlatforms) = postSolution
		{62326828-CFF5-4F20-A76E-EB0BA26DF3F4}.Debug|Any CPU.ActiveCfg = Debug|Any CPU
		{62326828-CFF5-4F20-A76E-EB0BA26DF3F4}.Debug|Any CPU.Build.0 = Debug|Any CPU
		{62326828-CFF5-4F20-A76E-EB0BA26DF3F4}.Release|Any CPU.ActiveCfg = Release|Any CPU
		{62326828-CFF5-4F20-A76E-EB0BA26DF3F4}.Release|Any CPU.Build.0 = Release|Any CPU
	EndGlobalSection
	GlobalSection(SolutionProperties) = preSolution
		HideSolutionNode = FALSE
	EndGlobalSection
	GlobalSection(ExtensibilityGlobals) = postSolution
		SolutionGuid = {FA6D19D1-CD10-465B-A5ED-59D15D929D2D}
	EndGlobalSection
EndGlobal
